
Microsoft Visual Studio Solution File, Format Version 12.00
# Visual Studio Version 17
VisualStudioVersion = 17.2.32526.322
MinimumVisualStudioVersion = 10.0.40219.1
Project("{8BC9CEB8-8B4A-11D0-8D11-00A0C91BC942}") = "RayTracingInOneWeekendProject", "RayTracingInOneWeekendProject\RayTracingInOneWeekendProject.vcxproj", "{91574D4D-59CB-4223-A4BD-16E1D0D488A6}"
EndProject
Project("{8BC9CEB8-8B4A-11D0-8D11-00A0C91BC942}") = "OutputAImage", "OutputAImage\OutputAImage.vcxproj", "{ECD93028-DC58-44C0-8CD0-8CEE7D7113D7}"
EndProject
Project("{8BC9CEB8-8B4A-11D0-8D11-00A0C91BC942}") = "Vec3", "Vec3\Vec3.vcxproj", "{1E3D1028-08DA-4DD1-BE07-4A4FFD58DC3F}"
EndProject
Project("{8BC9CEB8-8B4A-11D0-8D11-00A0C91BC942}") = "Ray", "Ray\Ray.vcxproj", "{E6F0F7DB-1169-4FF8-A82C-B2BA24EE3621}"
EndProject
Project("{8BC9CEB8-8B4A-11D0-8D11-00A0C91BC942}") = "Sphere1", "Sphere1\Sphere1.vcxproj", "{C4D1D18A-9E7E-4094-8CC7-23BC5CE7C82C}"
EndProject
Project("{8BC9CEB8-8B4A-11D0-8D11-00A0C91BC942}") = "Sphere2", "Sphere2\Sphere2.vcxproj", "{5418146F-ECF8-4562-AB56-323FA320D3B1}"
EndProject
Project("{8BC9CEB8-8B4A-11D0-8D11-00A0C91BC942}") = "Sphere3", "Sphere3\Sphere3.vcxproj", "{157A79F3-77E3-4316-AF4B-D64C6F43FB96}"
EndProject
Project("{8BC9CEB8-8B4A-11D0-8D11-00A0C91BC942}") = "Sphere4", "Sphere4\Sphere4.vcxproj", "{8B9093CD-67EA-4E46-A7B6-C9E9126ED6B3}"
EndProject
Project("{8BC9CEB8-8B4A-11D0-8D11-00A0C91BC942}") = "Sphere5", "Sphere5\Sphere5.vcxproj", "{7462F929-82F9-4C5C-A7EB-9FFD5111B13B}"
EndProject
Project("{8BC9CEB8-8B4A-11D0-8D11-00A0C91BC942}") = "Sphere6", "Sphere6\Sphere6.vcxproj", "{CA78D1B4-FF74-4113-A74C-B1031124099F}"
EndProject
Project("{8BC9CEB8-8B4A-11D0-8D11-00A0C91BC942}") = "MetalMaterial", "MetalMaterial\MetalMaterial.vcxproj", "{2DCF1B0D-C610-4758-8A2B-FD37B12929AA}"
EndProject
Project("{8BC9CEB8-8B4A-11D0-8D11-00A0C91BC942}") = "InsulationMaterial", "InsulationMaterial\InsulationMaterial.vcxproj", "{B578F55F-38C9-48DF-9028-ACD2044160E4}"
EndProject
Project("{8BC9CEB8-8B4A-11D0-8D11-00A0C91BC942}") = "Camera", "Camera\Camera.vcxproj", "{F44C445B-FF59-425C-B977-57B23E49D02B}"
EndProject
Global
	GlobalSection(SolutionConfigurationPlatforms) = preSolution
		Debug|x64 = Debug|x64
		Debug|x86 = Debug|x86
		Release|x64 = Release|x64
		Release|x86 = Release|x86
	EndGlobalSection
	GlobalSection(ProjectConfigurationPlatforms) = postSolution
		{91574D4D-59CB-4223-A4BD-16E1D0D488A6}.Debug|x64.ActiveCfg = Debug|x64
		{91574D4D-59CB-4223-A4BD-16E1D0D488A6}.Debug|x64.Build.0 = Debug|x64
		{91574D4D-59CB-4223-A4BD-16E1D0D488A6}.Debug|x86.ActiveCfg = Debug|Win32
		{91574D4D-59CB-4223-A4BD-16E1D0D488A6}.Debug|x86.Build.0 = Debug|Win32
		{91574D4D-59CB-4223-A4BD-16E1D0D488A6}.Release|x64.ActiveCfg = Release|x64
		{91574D4D-59CB-4223-A4BD-16E1D0D488A6}.Release|x64.Build.0 = Release|x64
		{91574D4D-59CB-4223-A4BD-16E1D0D488A6}.Release|x86.ActiveCfg = Release|Win32
		{91574D4D-59CB-4223-A4BD-16E1D0D488A6}.Release|x86.Build.0 = Release|Win32
		{ECD93028-DC58-44C0-8CD0-8CEE7D7113D7}.Debug|x64.ActiveCfg = Debug|x64
		{ECD93028-DC58-44C0-8CD0-8CEE7D7113D7}.Debug|x64.Build.0 = Debug|x64
		{ECD93028-DC58-44C0-8CD0-8CEE7D7113D7}.Debug|x86.ActiveCfg = Debug|Win32
		{ECD93028-DC58-44C0-8CD0-8CEE7D7113D7}.Debug|x86.Build.0 = Debug|Win32
		{ECD93028-DC58-44C0-8CD0-8CEE7D7113D7}.Release|x64.ActiveCfg = Release|x64
		{ECD93028-DC58-44C0-8CD0-8CEE7D7113D7}.Release|x64.Build.0 = Release|x64
		{ECD93028-DC58-44C0-8CD0-8CEE7D7113D7}.Release|x86.ActiveCfg = Release|Win32
		{ECD93028-DC58-44C0-8CD0-8CEE7D7113D7}.Release|x86.Build.0 = Release|Win32
		{1E3D1028-08DA-4DD1-BE07-4A4FFD58DC3F}.Debug|x64.ActiveCfg = Debug|x64
		{1E3D1028-08DA-4DD1-BE07-4A4FFD58DC3F}.Debug|x64.Build.0 = Debug|x64
		{1E3D1028-08DA-4DD1-BE07-4A4FFD58DC3F}.Debug|x86.ActiveCfg = Debug|Win32
		{1E3D1028-08DA-4DD1-BE07-4A4FFD58DC3F}.Debug|x86.Build.0 = Debug|Win32
		{1E3D1028-08DA-4DD1-BE07-4A4FFD58DC3F}.Release|x64.ActiveCfg = Release|x64
		{1E3D1028-08DA-4DD1-BE07-4A4FFD58DC3F}.Release|x64.Build.0 = Release|x64
		{1E3D1028-08DA-4DD1-BE07-4A4FFD58DC3F}.Release|x86.ActiveCfg = Release|Win32
		{1E3D1028-08DA-4DD1-BE07-4A4FFD58DC3F}.Release|x86.Build.0 = Release|Win32
		{E6F0F7DB-1169-4FF8-A82C-B2BA24EE3621}.Debug|x64.ActiveCfg = Debug|x64
		{E6F0F7DB-1169-4FF8-A82C-B2BA24EE3621}.Debug|x64.Build.0 = Debug|x64
		{E6F0F7DB-1169-4FF8-A82C-B2BA24EE3621}.Debug|x86.ActiveCfg = Debug|Win32
		{E6F0F7DB-1169-4FF8-A82C-B2BA24EE3621}.Debug|x86.Build.0 = Debug|Win32
		{E6F0F7DB-1169-4FF8-A82C-B2BA24EE3621}.Release|x64.ActiveCfg = Release|x64
		{E6F0F7DB-1169-4FF8-A82C-B2BA24EE3621}.Release|x64.Build.0 = Release|x64
		{E6F0F7DB-1169-4FF8-A82C-B2BA24EE3621}.Release|x86.ActiveCfg = Release|Win32
		{E6F0F7DB-1169-4FF8-A82C-B2BA24EE3621}.Release|x86.Build.0 = Release|Win32
		{C4D1D18A-9E7E-4094-8CC7-23BC5CE7C82C}.Debug|x64.ActiveCfg = Debug|x64
		{C4D1D18A-9E7E-4094-8CC7-23BC5CE7C82C}.Debug|x64.Build.0 = Debug|x64
		{C4D1D18A-9E7E-4094-8CC7-23BC5CE7C82C}.Debug|x86.ActiveCfg = Debug|Win32
		{C4D1D18A-9E7E-4094-8CC7-23BC5CE7C82C}.Debug|x86.Build.0 = Debug|Win32
		{C4D1D18A-9E7E-4094-8CC7-23BC5CE7C82C}.Release|x64.ActiveCfg = Release|x64
		{C4D1D18A-9E7E-4094-8CC7-23BC5CE7C82C}.Release|x64.Build.0 = Release|x64
		{C4D1D18A-9E7E-4094-8CC7-23BC5CE7C82C}.Release|x86.ActiveCfg = Release|Win32
		{C4D1D18A-9E7E-4094-8CC7-23BC5CE7C82C}.Release|x86.Build.0 = Release|Win32
		{5418146F-ECF8-4562-AB56-323FA320D3B1}.Debug|x64.ActiveCfg = Debug|x64
		{5418146F-ECF8-4562-AB56-323FA320D3B1}.Debug|x64.Build.0 = Debug|x64
		{5418146F-ECF8-4562-AB56-323FA320D3B1}.Debug|x86.ActiveCfg = Debug|Win32
		{5418146F-ECF8-4562-AB56-323FA320D3B1}.Debug|x86.Build.0 = Debug|Win32
		{5418146F-ECF8-4562-AB56-323FA320D3B1}.Release|x64.ActiveCfg = Release|x64
		{5418146F-ECF8-4562-AB56-323FA320D3B1}.Release|x64.Build.0 = Release|x64
		{5418146F-ECF8-4562-AB56-323FA320D3B1}.Release|x86.ActiveCfg = Release|Win32
		{5418146F-ECF8-4562-AB56-323FA320D3B1}.Release|x86.Build.0 = Release|Win32
		{157A79F3-77E3-4316-AF4B-D64C6F43FB96}.Debug|x64.ActiveCfg = Debug|x64
		{157A79F3-77E3-4316-AF4B-D64C6F43FB96}.Debug|x64.Build.0 = Debug|x64
		{157A79F3-77E3-4316-AF4B-D64C6F43FB96}.Debug|x86.ActiveCfg = Debug|Win32
		{157A79F3-77E3-4316-AF4B-D64C6F43FB96}.Debug|x86.Build.0 = Debug|Win32
		{157A79F3-77E3-4316-AF4B-D64C6F43FB96}.Release|x64.ActiveCfg = Release|x64
		{157A79F3-77E3-4316-AF4B-D64C6F43FB96}.Release|x64.Build.0 = Release|x64
		{157A79F3-77E3-4316-AF4B-D64C6F43FB96}.Release|x86.ActiveCfg = Release|Win32
		{157A79F3-77E3-4316-AF4B-D64C6F43FB96}.Release|x86.Build.0 = Release|Win32
		{8B9093CD-67EA-4E46-A7B6-C9E9126ED6B3}.Debug|x64.ActiveCfg = Debug|x64
		{8B9093CD-67EA-4E46-A7B6-C9E9126ED6B3}.Debug|x64.Build.0 = Debug|x64
		{8B9093CD-67EA-4E46-A7B6-C9E9126ED6B3}.Debug|x86.ActiveCfg = Debug|Win32
		{8B9093CD-67EA-4E46-A7B6-C9E9126ED6B3}.Debug|x86.Build.0 = Debug|Win32
		{8B9093CD-67EA-4E46-A7B6-C9E9126ED6B3}.Release|x64.ActiveCfg = Release|x64
		{8B9093CD-67EA-4E46-A7B6-C9E9126ED6B3}.Release|x64.Build.0 = Release|x64
		{8B9093CD-67EA-4E46-A7B6-C9E9126ED6B3}.Release|x86.ActiveCfg = Release|Win32
		{8B9093CD-67EA-4E46-A7B6-C9E9126ED6B3}.Release|x86.Build.0 = Release|Win32
		{7462F929-82F9-4C5C-A7EB-9FFD5111B13B}.Debug|x64.ActiveCfg = Debug|x64
		{7462F929-82F9-4C5C-A7EB-9FFD5111B13B}.Debug|x64.Build.0 = Debug|x64
		{7462F929-82F9-4C5C-A7EB-9FFD5111B13B}.Debug|x86.ActiveCfg = Debug|Win32
		{7462F929-82F9-4C5C-A7EB-9FFD5111B13B}.Debug|x86.Build.0 = Debug|Win32
		{7462F929-82F9-4C5C-A7EB-9FFD5111B13B}.Release|x64.ActiveCfg = Release|x64
		{7462F929-82F9-4C5C-A7EB-9FFD5111B13B}.Release|x64.Build.0 = Release|x64
		{7462F929-82F9-4C5C-A7EB-9FFD5111B13B}.Release|x86.ActiveCfg = Release|Win32
		{7462F929-82F9-4C5C-A7EB-9FFD5111B13B}.Release|x86.Build.0 = Release|Win32
		{CA78D1B4-FF74-4113-A74C-B1031124099F}.Debug|x64.ActiveCfg = Debug|x64
		{CA78D1B4-FF74-4113-A74C-B1031124099F}.Debug|x64.Build.0 = Debug|x64
		{CA78D1B4-FF74-4113-A74C-B1031124099F}.Debug|x86.ActiveCfg = Debug|Win32
		{CA78D1B4-FF74-4113-A74C-B1031124099F}.Debug|x86.Build.0 = Debug|Win32
		{CA78D1B4-FF74-4113-A74C-B1031124099F}.Release|x64.ActiveCfg = Release|x64
		{CA78D1B4-FF74-4113-A74C-B1031124099F}.Release|x64.Build.0 = Release|x64
		{CA78D1B4-FF74-4113-A74C-B1031124099F}.Release|x86.ActiveCfg = Release|Win32
		{CA78D1B4-FF74-4113-A74C-B1031124099F}.Release|x86.Build.0 = Release|Win32
		{2DCF1B0D-C610-4758-8A2B-FD37B12929AA}.Debug|x64.ActiveCfg = Debug|x64
		{2DCF1B0D-C610-4758-8A2B-FD37B12929AA}.Debug|x64.Build.0 = Debug|x64
		{2DCF1B0D-C610-4758-8A2B-FD37B12929AA}.Debug|x86.ActiveCfg = Debug|Win32
		{2DCF1B0D-C610-4758-8A2B-FD37B12929AA}.Debug|x86.Build.0 = Debug|Win32
		{2DCF1B0D-C610-4758-8A2B-FD37B12929AA}.Release|x64.ActiveCfg = Release|x64
		{2DCF1B0D-C610-4758-8A2B-FD37B12929AA}.Release|x64.Build.0 = Release|x64
		{2DCF1B0D-C610-4758-8A2B-FD37B12929AA}.Release|x86.ActiveCfg = Release|Win32
		{2DCF1B0D-C610-4758-8A2B-FD37B12929AA}.Release|x86.Build.0 = Release|Win32
		{B578F55F-38C9-48DF-9028-ACD2044160E4}.Debug|x64.ActiveCfg = Debug|x64
		{B578F55F-38C9-48DF-9028-ACD2044160E4}.Debug|x64.Build.0 = Debug|x64
		{B578F55F-38C9-48DF-9028-ACD2044160E4}.Debug|x86.ActiveCfg = Debug|Win32
		{B578F55F-38C9-48DF-9028-ACD2044160E4}.Debug|x86.Build.0 = Debug|Win32
		{B578F55F-38C9-48DF-9028-ACD2044160E4}.Release|x64.ActiveCfg = Release|x64
		{B578F55F-38C9-48DF-9028-ACD2044160E4}.Release|x64.Build.0 = Release|x64
		{B578F55F-38C9-48DF-9028-ACD2044160E4}.Release|x86.ActiveCfg = Release|Win32
		{B578F55F-38C9-48DF-9028-ACD2044160E4}.Release|x86.Build.0 = Release|Win32
		{F44C445B-FF59-425C-B977-57B23E49D02B}.Debug|x64.ActiveCfg = Debug|x64
		{F44C445B-FF59-425C-B977-57B23E49D02B}.Debug|x64.Build.0 = Debug|x64
		{F44C445B-FF59-425C-B977-57B23E49D02B}.Debug|x86.ActiveCfg = Debug|Win32
		{F44C445B-FF59-425C-B977-57B23E49D02B}.Debug|x86.Build.0 = Debug|Win32
		{F44C445B-FF59-425C-B977-57B23E49D02B}.Release|x64.ActiveCfg = Release|x64
		{F44C445B-FF59-425C-B977-57B23E49D02B}.Release|x64.Build.0 = Release|x64
		{F44C445B-FF59-425C-B977-57B23E49D02B}.Release|x86.ActiveCfg = Release|Win32
		{F44C445B-FF59-425C-B977-57B23E49D02B}.Release|x86.Build.0 = Release|Win32
	EndGlobalSection
	GlobalSection(SolutionProperties) = preSolution
		HideSolutionNode = FALSE
	EndGlobalSection
	GlobalSection(ExtensibilityGlobals) = postSolution
		SolutionGuid = {3048CF87-AE48-4D86-864F-CDE96EE00956}
	EndGlobalSection
EndGlobal
